{
  "name": "pupsi",
  "version": "0.0.1",
  "lockfileVersion": 1,
  "requires": true,
  "dependencies": {
    "clone-function": {
      "version": "1.0.6",
      "resolved": "https://registry.npmjs.org/clone-function/-/clone-function-1.0.6.tgz",
      "integrity": "sha1-QoRxk3dQvKnEjsv7wW9uIy90oD0="
    },
    "inflection": {
      "version": "1.12.0",
      "resolved": "https://registry.npmjs.org/inflection/-/inflection-1.12.0.tgz",
      "integrity": "sha1-ogCTVlbW9fa8TcdQLhrstwMihBY="
    },
    "json-sql": {
      "version": "0.3.11",
      "resolved": "https://registry.npmjs.org/json-sql/-/json-sql-0.3.11.tgz",
      "integrity": "sha1-gY9bZReZrL05qaOtibxmIudHFB4=",
      "requires": {
        "underscore": "1.8.2"
      }
    },
    "lodash": {
      "version": "4.17.4",
      "resolved": "https://registry.npmjs.org/lodash/-/lodash-4.17.4.tgz",
      "integrity": "sha1-eCA6TRwyiuHYbcpkYONptX9AVa4="
    },
    "object-foreach": {
      "version": "0.1.2",
      "resolved": "https://registry.npmjs.org/object-foreach/-/object-foreach-0.1.2.tgz",
      "integrity": "sha1-10IcW0DjtqPvV6xiQ2jSHY+NLew="
    },
    "object-merge": {
      "version": "2.5.1",
      "resolved": "https://registry.npmjs.org/object-merge/-/object-merge-2.5.1.tgz",
      "integrity": "sha1-B36JFc446nKUeIRIxd0znjTfQic=",
      "requires": {
        "clone-function": "1.0.6",
        "object-foreach": "0.1.2"
      }
    },
    "treeize": {
      "version": "2.1.2",
      "resolved": "https://registry.npmjs.org/treeize/-/treeize-2.1.2.tgz",
      "integrity": "sha512-MpqkknwIO1dW0iZOI+EQi4I+LA+QdJJ5p81L21ckc65TJvZpIIr3G4MwZQr+wg0baswLenxrV8hBtI28gIEkIA==",
      "requires": {
        "inflection": "1.12.0",
        "lodash": "4.17.4",
        "object-merge": "2.5.1"
      }
    },
    "underscore": {
      "version": "1.8.2",
      "resolved": "https://registry.npmjs.org/underscore/-/underscore-1.8.2.tgz",
      "integrity": "sha1-ZN8utZCJnelQeC83NRkLpC6/MR0="
    }
  }
}
